
Microsoft Visual Studio Solution File, Format Version 12.00
# Visual Studio Version 17
VisualStudioVersion = 17.8.34330.188
MinimumVisualStudioVersion = 10.0.40219.1
Project("{9A19103F-16F7-4668-BE54-9A1E7A4F7556}") = "GUI", "DuAn1\GUI.csproj", "{02BAFD11-15F1-4E5B-989D-7338D6797E4D}"
EndProject
Project("{9A19103F-16F7-4668-BE54-9A1E7A4F7556}") = "DTO", "DTO\DTO.csproj", "{C744C1D3-D7D6-46F2-9F9A-2EAF63F99A6A}"
EndProject
Project("{9A19103F-16F7-4668-BE54-9A1E7A4F7556}") = "BLL", "BLL\BLL.csproj", "{2FD5225F-2FB7-450C-BF01-BAC59FB91399}"
EndProject
Project("{9A19103F-16F7-4668-BE54-9A1E7A4F7556}") = "DAL", "DAL\DAL.csproj", "{C396C4C9-997A-45A5-B56D-7B1AD503F90E}"
EndProject
Project("{2150E333-8FDC-42A3-9474-1A3956D46DE8}") = "fonts", "fonts", "{52700EE8-65C0-4EA3-80F5-63F263FDA28E}"
	ProjectSection(SolutionItems) = preProject
		fonts\arial.ttf = fonts\arial.ttf
	EndProjectSection
EndProject
Global
	GlobalSection(SolutionConfigurationPlatforms) = preSolution
		Debug|Any CPU = Debug|Any CPU
		Release|Any CPU = Release|Any CPU
	EndGlobalSection
	GlobalSection(ProjectConfigurationPlatforms) = postSolution
		{02BAFD11-15F1-4E5B-989D-7338D6797E4D}.Debug|Any CPU.ActiveCfg = Debug|Any CPU
		{02BAFD11-15F1-4E5B-989D-7338D6797E4D}.Debug|Any CPU.Build.0 = Debug|Any CPU
		{02BAFD11-15F1-4E5B-989D-7338D6797E4D}.Release|Any CPU.ActiveCfg = Release|Any CPU
		{02BAFD11-15F1-4E5B-989D-7338D6797E4D}.Release|Any CPU.Build.0 = Release|Any CPU
		{C744C1D3-D7D6-46F2-9F9A-2EAF63F99A6A}.Debug|Any CPU.ActiveCfg = Debug|Any CPU
		{C744C1D3-D7D6-46F2-9F9A-2EAF63F99A6A}.Debug|Any CPU.Build.0 = Debug|Any CPU
		{C744C1D3-D7D6-46F2-9F9A-2EAF63F99A6A}.Release|Any CPU.ActiveCfg = Release|Any CPU
		{C744C1D3-D7D6-46F2-9F9A-2EAF63F99A6A}.Release|Any CPU.Build.0 = Release|Any CPU
		{2FD5225F-2FB7-450C-BF01-BAC59FB91399}.Debug|Any CPU.ActiveCfg = Debug|Any CPU
		{2FD5225F-2FB7-450C-BF01-BAC59FB91399}.Debug|Any CPU.Build.0 = Debug|Any CPU
		{2FD5225F-2FB7-450C-BF01-BAC59FB91399}.Release|Any CPU.ActiveCfg = Release|Any CPU
		{2FD5225F-2FB7-450C-BF01-BAC59FB91399}.Release|Any CPU.Build.0 = Release|Any CPU
		{C396C4C9-997A-45A5-B56D-7B1AD503F90E}.Debug|Any CPU.ActiveCfg = Debug|Any CPU
		{C396C4C9-997A-45A5-B56D-7B1AD503F90E}.Debug|Any CPU.Build.0 = Debug|Any CPU
		{C396C4C9-997A-45A5-B56D-7B1AD503F90E}.Release|Any CPU.ActiveCfg = Release|Any CPU
		{C396C4C9-997A-45A5-B56D-7B1AD503F90E}.Release|Any CPU.Build.0 = Release|Any CPU
	EndGlobalSection
	GlobalSection(SolutionProperties) = preSolution
		HideSolutionNode = FALSE
	EndGlobalSection
	GlobalSection(ExtensibilityGlobals) = postSolution
		SolutionGuid = {A4C96910-FBC4-4A24-A720-06EF77972B31}
	EndGlobalSection
EndGlobal
